
Microsoft Visual Studio Solution File, Format Version 12.00
# Visual Studio Version 17
VisualStudioVersion = 17.5.002.0
MinimumVisualStudioVersion = 10.0.40219.1
Project("{9A19103F-16F7-4668-BE54-9A1E7A4F7556}") = "DesafioProjetoHospedagem", "DesafioProjetoHospedagem.csproj", "{AB1B103A-1BDC-492B-9AFF-D13BC3B8BB99}"
EndProject
Global
	GlobalSection(SolutionConfigurationPlatforms) = preSolution
		Debug|Any CPU = Debug|Any CPU
		Release|Any CPU = Release|Any CPU
	EndGlobalSection
	GlobalSection(ProjectConfigurationPlatforms) = postSolution
		{AB1B103A-1BDC-492B-9AFF-D13BC3B8BB99}.Debug|Any CPU.ActiveCfg = Debug|Any CPU
		{AB1B103A-1BDC-492B-9AFF-D13BC3B8BB99}.Debug|Any CPU.Build.0 = Debug|Any CPU
		{AB1B103A-1BDC-492B-9AFF-D13BC3B8BB99}.Release|Any CPU.ActiveCfg = Release|Any CPU
		{AB1B103A-1BDC-492B-9AFF-D13BC3B8BB99}.Release|Any CPU.Build.0 = Release|Any CPU
	EndGlobalSection
	GlobalSection(SolutionProperties) = preSolution
		HideSolutionNode = FALSE
	EndGlobalSection
	GlobalSection(ExtensibilityGlobals) = postSolution
		SolutionGuid = {4DBAA5BE-3E64-427D-9A7E-067EF8951C01}
	EndGlobalSection
EndGlobal
